
Microsoft Visual Studio Solution File, Format Version 12.00
# Visual Studio Version 17
VisualStudioVersion = 17.9.34728.123
MinimumVisualStudioVersion = 10.0.40219.1
Project("{9A19103F-16F7-4668-BE54-9A1E7A4F7556}") = "Week2", "Week2\Week2.csproj", "{38893223-47ED-4563-A54B-CA0808E43F2C}"
EndProject
Project("{FAE04EC0-301F-11D3-BF4B-00C04F79EFBC}") = "UseAgeValidation", "UseAgeValidation\UseAgeValidation.csproj", "{A0517121-18DC-4E2F-8A2B-5801316B4182}"
EndProject
Project("{FAE04EC0-301F-11D3-BF4B-00C04F79EFBC}") = "UserAgeValidation2", "UserAgeValidation2\UserAgeValidation2.csproj", "{93093192-2985-48C9-A623-449106997D80}"
EndProject
Global
	GlobalSection(SolutionConfigurationPlatforms) = preSolution
		Debug|Any CPU = Debug|Any CPU
		Release|Any CPU = Release|Any CPU
	EndGlobalSection
	GlobalSection(ProjectConfigurationPlatforms) = postSolution
		{38893223-47ED-4563-A54B-CA0808E43F2C}.Debug|Any CPU.ActiveCfg = Debug|Any CPU
		{38893223-47ED-4563-A54B-CA0808E43F2C}.Debug|Any CPU.Build.0 = Debug|Any CPU
		{38893223-47ED-4563-A54B-CA0808E43F2C}.Release|Any CPU.ActiveCfg = Release|Any CPU
		{38893223-47ED-4563-A54B-CA0808E43F2C}.Release|Any CPU.Build.0 = Release|Any CPU
		{A0517121-18DC-4E2F-8A2B-5801316B4182}.Debug|Any CPU.ActiveCfg = Debug|Any CPU
		{A0517121-18DC-4E2F-8A2B-5801316B4182}.Debug|Any CPU.Build.0 = Debug|Any CPU
		{A0517121-18DC-4E2F-8A2B-5801316B4182}.Release|Any CPU.ActiveCfg = Release|Any CPU
		{A0517121-18DC-4E2F-8A2B-5801316B4182}.Release|Any CPU.Build.0 = Release|Any CPU
		{93093192-2985-48C9-A623-449106997D80}.Debug|Any CPU.ActiveCfg = Debug|Any CPU
		{93093192-2985-48C9-A623-449106997D80}.Debug|Any CPU.Build.0 = Debug|Any CPU
		{93093192-2985-48C9-A623-449106997D80}.Release|Any CPU.ActiveCfg = Release|Any CPU
		{93093192-2985-48C9-A623-449106997D80}.Release|Any CPU.Build.0 = Release|Any CPU
	EndGlobalSection
	GlobalSection(SolutionProperties) = preSolution
		HideSolutionNode = FALSE
	EndGlobalSection
	GlobalSection(ExtensibilityGlobals) = postSolution
		SolutionGuid = {CD72C1F7-BDB9-4F82-84CF-EFEA9F0B1112}
	EndGlobalSection
EndGlobal
